// !$*UTF8*$!
{
	archiveVersion = 1;
	classes = {
	};
	objectVersion = 46;
	objects = {

/* Begin PBXBuildFile section */
		184CC0E81C4F61FC0018A504 /* main.m in Sources */ = {isa = PBXBuildFile; fileRef = 184CC0E71C4F61FC0018A504 /* main.m */; };
		184CC0EB1C4F61FC0018A504 /* AppDelegate.m in Sources */ = {isa = PBXBuildFile; fileRef = 184CC0EA1C4F61FC0018A504 /* AppDelegate.m */; };
		184CC0EE1C4F61FC0018A504 /* ViewController.m in Sources */ = {isa = PBXBuildFile; fileRef = 184CC0ED1C4F61FC0018A504 /* ViewController.m */; };
		184CC0F11C4F61FC0018A504 /* Main.storyboard in Resources */ = {isa = PBXBuildFile; fileRef = 184CC0EF1C4F61FC0018A504 /* Main.storyboard */; };
		184CC0F31C4F61FC0018A504 /* Assets.xcassets in Resources */ = {isa = PBXBuildFile; fileRef = 184CC0F21C4F61FC0018A504 /* Assets.xcassets */; };
		184CC0F61C4F61FC0018A504 /* LaunchScreen.storyboard in Resources */ = {isa = PBXBuildFile; fileRef = 184CC0F41C4F61FC0018A504 /* LaunchScreen.storyboard */; };
		184CC1281C4F67FD0018A504 /* HttpRequest.m in Sources */ = {isa = PBXBuildFile; fileRef = 184CC1271C4F67FD0018A504 /* HttpRequest.m */; };
		184CC13D1C4F6AAF0018A504 /* AFHTTPRequestOperation.m in Sources */ = {isa = PBXBuildFile; fileRef = 184CC12B1C4F6AAF0018A504 /* AFHTTPRequestOperation.m */; };
		184CC13E1C4F6AAF0018A504 /* AFHTTPRequestOperationManager.m in Sources */ = {isa = PBXBuildFile; fileRef = 184CC12D1C4F6AAF0018A504 /* AFHTTPRequestOperationManager.m */; };
		184CC13F1C4F6AAF0018A504 /* AFHTTPSessionManager.m in Sources */ = {isa = PBXBuildFile; fileRef = 184CC12F1C4F6AAF0018A504 /* AFHTTPSessionManager.m */; };
		184CC1401C4F6AAF0018A504 /* AFNetworkReachabilityManager.m in Sources */ = {isa = PBXBuildFile; fileRef = 184CC1321C4F6AAF0018A504 /* AFNetworkReachabilityManager.m */; };
		184CC1411C4F6AAF0018A504 /* AFSecurityPolicy.m in Sources */ = {isa = PBXBuildFile; fileRef = 184CC1341C4F6AAF0018A504 /* AFSecurityPolicy.m */; };
		184CC1421C4F6AAF0018A504 /* AFURLConnectionOperation.m in Sources */ = {isa = PBXBuildFile; fileRef = 184CC1361C4F6AAF0018A504 /* AFURLConnectionOperation.m */; };
		184CC1431C4F6AAF0018A504 /* AFURLRequestSerialization.m in Sources */ = {isa = PBXBuildFile; fileRef = 184CC1381C4F6AAF0018A504 /* AFURLRequestSerialization.m */; };
		184CC1441C4F6AAF0018A504 /* AFURLResponseSerialization.m in Sources */ = {isa = PBXBuildFile; fileRef = 184CC13A1C4F6AAF0018A504 /* AFURLResponseSerialization.m */; };
		184CC1451C4F6AAF0018A504 /* AFURLSessionManager.m in Sources */ = {isa = PBXBuildFile; fileRef = 184CC13C1C4F6AAF0018A504 /* AFURLSessionManager.m */; };
		184CC14D1C4F99160018A504 /* adn.cer in Resources */ = {isa = PBXBuildFile; fileRef = 184CC14C1C4F99160018A504 /* adn.cer */; };
/* End PBXBuildFile section */

/* Begin PBXFileReference section */
		184CC0E31C4F61FC0018A504 /* AfnHttpsSSLDemo.app */ = {isa = PBXFileReference; explicitFileType = wrapper.application; includeInIndex = 0; path = AfnHttpsSSLDemo.app; sourceTree = BUILT_PRODUCTS_DIR; };
		184CC0E71C4F61FC0018A504 /* main.m */ = {isa = PBXFileReference; lastKnownFileType = sourcecode.c.objc; path = main.m; sourceTree = "<group>"; };
		184CC0E91C4F61FC0018A504 /* AppDelegate.h */ = {isa = PBXFileReference; lastKnownFileType = sourcecode.c.h; path = AppDelegate.h; sourceTree = "<group>"; };
		184CC0EA1C4F61FC0018A504 /* AppDelegate.m */ = {isa = PBXFileReference; lastKnownFileType = sourcecode.c.objc; path = AppDelegate.m; sourceTree = "<group>"; };
		184CC0EC1C4F61FC0018A504 /* ViewController.h */ = {isa = PBXFileReference; lastKnownFileType = sourcecode.c.h; path = ViewController.h; sourceTree = "<group>"; };
		184CC0ED1C4F61FC0018A504 /* ViewController.m */ = {isa = PBXFileReference; lastKnownFileType = sourcecode.c.objc; path = ViewController.m; sourceTree = "<group>"; };
		184CC0F01C4F61FC0018A504 /* Base */ = {isa = PBXFileReference; lastKnownFileType = file.storyboard; name = Base; path = Base.lproj/Main.storyboard; sourceTree = "<group>"; };
		184CC0F21C4F61FC0018A504 /* Assets.xcassets */ = {isa = PBXFileReference; lastKnownFileType = folder.assetcatalog; path = Assets.xcassets; sourceTree = "<group>"; };
		184CC0F51C4F61FC0018A504 /* Base */ = {isa = PBXFileReference; lastKnownFileType = file.storyboard; name = Base; path = Base.lproj/LaunchScreen.storyboard; sourceTree = "<group>"; };
		184CC0F71C4F61FC0018A504 /* Info.plist */ = {isa = PBXFileReference; lastKnownFileType = text.plist.xml; path = Info.plist; sourceTree = "<group>"; };
		184CC1261C4F67FD0018A504 /* HttpRequest.h */ = {isa = PBXFileReference; fileEncoding = 4; lastKnownFileType = sourcecode.c.h; path = HttpRequest.h; sourceTree = "<group>"; };
		184CC1271C4F67FD0018A504 /* HttpRequest.m */ = {isa = PBXFileReference; fileEncoding = 4; lastKnownFileType = sourcecode.c.objc; path = HttpRequest.m; sourceTree = "<group>"; };
		184CC12A1C4F6AAF0018A504 /* AFHTTPRequestOperation.h */ = {isa = PBXFileReference; fileEncoding = 4; lastKnownFileType = sourcecode.c.h; path = AFHTTPRequestOperation.h; sourceTree = "<group>"; };
		184CC12B1C4F6AAF0018A504 /* AFHTTPRequestOperation.m */ = {isa = PBXFileReference; fileEncoding = 4; lastKnownFileType = sourcecode.c.objc; path = AFHTTPRequestOperation.m; sourceTree = "<group>"; };
		184CC12C1C4F6AAF0018A504 /* AFHTTPRequestOperationManager.h */ = {isa = PBXFileReference; fileEncoding = 4; lastKnownFileType = sourcecode.c.h; path = AFHTTPRequestOperationManager.h; sourceTree = "<group>"; };
		184CC12D1C4F6AAF0018A504 /* AFHTTPRequestOperationManager.m */ = {isa = PBXFileReference; fileEncoding = 4; lastKnownFileType = sourcecode.c.objc; path = AFHTTPRequestOperationManager.m; sourceTree = "<group>"; };
		184CC12E1C4F6AAF0018A504 /* AFHTTPSessionManager.h */ = {isa = PBXFileReference; fileEncoding = 4; lastKnownFileType = sourcecode.c.h; path = AFHTTPSessionManager.h; sourceTree = "<group>"; };
		184CC12F1C4F6AAF0018A504 /* AFHTTPSessionManager.m */ = {isa = PBXFileReference; fileEncoding = 4; lastKnownFileType = sourcecode.c.objc; path = AFHTTPSessionManager.m; sourceTree = "<group>"; };
		184CC1301C4F6AAF0018A504 /* AFNetworking.h */ = {isa = PBXFileReference; fileEncoding = 4; lastKnownFileType = sourcecode.c.h; path = AFNetworking.h; sourceTree = "<group>"; };
		184CC1311C4F6AAF0018A504 /* AFNetworkReachabilityManager.h */ = {isa = PBXFileReference; fileEncoding = 4; lastKnownFileType = sourcecode.c.h; path = AFNetworkReachabilityManager.h; sourceTree = "<group>"; };
		184CC1321C4F6AAF0018A504 /* AFNetworkReachabilityManager.m */ = {isa = PBXFileReference; fileEncoding = 4; lastKnownFileType = sourcecode.c.objc; path = AFNetworkReachabilityManager.m; sourceTree = "<group>"; };
		184CC1331C4F6AAF0018A504 /* AFSecurityPolicy.h */ = {isa = PBXFileReference; fileEncoding = 4; lastKnownFileType = sourcecode.c.h; path = AFSecurityPolicy.h; sourceTree = "<group>"; };
		184CC1341C4F6AAF0018A504 /* AFSecurityPolicy.m */ = {isa = PBXFileReference; fileEncoding = 4; lastKnownFileType = sourcecode.c.objc; path = AFSecurityPolicy.m; sourceTree = "<group>"; };
		184CC1351C4F6AAF0018A504 /* AFURLConnectionOperation.h */ = {isa = PBXFileReference; fileEncoding = 4; lastKnownFileType = sourcecode.c.h; path = AFURLConnectionOperation.h; sourceTree = "<group>"; };
		184CC1361C4F6AAF0018A504 /* AFURLConnectionOperation.m */ = {isa = PBXFileReference; fileEncoding = 4; lastKnownFileType = sourcecode.c.objc; path = AFURLConnectionOperation.m; sourceTree = "<group>"; };
		184CC1371C4F6AAF0018A504 /* AFURLRequestSerialization.h */ = {isa = PBXFileReference; fileEncoding = 4; lastKnownFileType = sourcecode.c.h; path = AFURLRequestSerialization.h; sourceTree = "<group>"; };
		184CC1381C4F6AAF0018A504 /* AFURLRequestSerialization.m */ = {isa = PBXFileReference; fileEncoding = 4; lastKnownFileType = sourcecode.c.objc; path = AFURLRequestSerialization.m; sourceTree = "<group>"; };
		184CC1391C4F6AAF0018A504 /* AFURLResponseSerialization.h */ = {isa = PBXFileReference; fileEncoding = 4; lastKnownFileType = sourcecode.c.h; path = AFURLResponseSerialization.h; sourceTree = "<group>"; };
		184CC13A1C4F6AAF0018A504 /* AFURLResponseSerialization.m */ = {isa = PBXFileReference; fileEncoding = 4; lastKnownFileType = sourcecode.c.objc; path = AFURLResponseSerialization.m; sourceTree = "<group>"; };
		184CC13B1C4F6AAF0018A504 /* AFURLSessionManager.h */ = {isa = PBXFileReference; fileEncoding = 4; lastKnownFileType = sourcecode.c.h; path = AFURLSessionManager.h; sourceTree = "<group>"; };
		184CC13C1C4F6AAF0018A504 /* AFURLSessionManager.m */ = {isa = PBXFileReference; fileEncoding = 4; lastKnownFileType = sourcecode.c.objc; path = AFURLSessionManager.m; sourceTree = "<group>"; };
		184CC14C1C4F99160018A504 /* adn.cer */ = {isa = PBXFileReference; lastKnownFileType = file; path = adn.cer; sourceTree = "<group>"; };
/* End PBXFileReference section */

/* Begin PBXFrameworksBuildPhase section */
		184CC0E01C4F61FC0018A504 /* Frameworks */ = {
			isa = PBXFrameworksBuildPhase;
			buildActionMask = 2147483647;
			files = (
			);
			runOnlyForDeploymentPostprocessing = 0;
		};
/* End PBXFrameworksBuildPhase section */

/* Begin PBXGroup section */
		184CC0DA1C4F61FC0018A504 = {
			isa = PBXGroup;
			children = (
				184CC0E51C4F61FC0018A504 /* AfnHttpsSSLDemo */,
				184CC0E41C4F61FC0018A504 /* Products */,
			);
			sourceTree = "<group>";
		};
		184CC0E41C4F61FC0018A504 /* Products */ = {
			isa = PBXGroup;
			children = (
				184CC0E31C4F61FC0018A504 /* AfnHttpsSSLDemo.app */,
			);
			name = Products;
			sourceTree = "<group>";
		};
		184CC0E51C4F61FC0018A504 /* AfnHttpsSSLDemo */ = {
			isa = PBXGroup;
			children = (
				184CC1111C4F67C40018A504 /* Library */,
				184CC0E91C4F61FC0018A504 /* AppDelegate.h */,
				184CC0EA1C4F61FC0018A504 /* AppDelegate.m */,
				184CC1261C4F67FD0018A504 /* HttpRequest.h */,
				184CC1271C4F67FD0018A504 /* HttpRequest.m */,
				184CC0EC1C4F61FC0018A504 /* ViewController.h */,
				184CC0ED1C4F61FC0018A504 /* ViewController.m */,
				184CC0EF1C4F61FC0018A504 /* Main.storyboard */,
				184CC0F21C4F61FC0018A504 /* Assets.xcassets */,
				184CC0F41C4F61FC0018A504 /* LaunchScreen.storyboard */,
				184CC0F71C4F61FC0018A504 /* Info.plist */,
				184CC0E61C4F61FC0018A504 /* Supporting Files */,
				184CC14C1C4F99160018A504 /* adn.cer */,
			);
			path = AfnHttpsSSLDemo;
			sourceTree = "<group>";
		};
		184CC0E61C4F61FC0018A504 /* Supporting Files */ = {
			isa = PBXGroup;
			children = (
				184CC0E71C4F61FC0018A504 /* main.m */,
			);
			name = "Supporting Files";
			sourceTree = "<group>";
		};
		184CC1111C4F67C40018A504 /* Library */ = {
			isa = PBXGroup;
			children = (
				184CC1291C4F6AAF0018A504 /* AFNetworking */,
			);
			path = Library;
			sourceTree = "<group>";
		};
		184CC1291C4F6AAF0018A504 /* AFNetworking */ = {
			isa = PBXGroup;
			children = (
				184CC12A1C4F6AAF0018A504 /* AFHTTPRequestOperation.h */,
				184CC12B1C4F6AAF0018A504 /* AFHTTPRequestOperation.m */,
				184CC12C1C4F6AAF0018A504 /* AFHTTPRequestOperationManager.h */,
				184CC12D1C4F6AAF0018A504 /* AFHTTPRequestOperationManager.m */,
				184CC12E1C4F6AAF0018A504 /* AFHTTPSessionManager.h */,
				184CC12F1C4F6AAF0018A504 /* AFHTTPSessionManager.m */,
				184CC1301C4F6AAF0018A504 /* AFNetworking.h */,
				184CC1311C4F6AAF0018A504 /* AFNetworkReachabilityManager.h */,
				184CC1321C4F6AAF0018A504 /* AFNetworkReachabilityManager.m */,
				184CC1331C4F6AAF0018A504 /* AFSecurityPolicy.h */,
				184CC1341C4F6AAF0018A504 /* AFSecurityPolicy.m */,
				184CC1351C4F6AAF0018A504 /* AFURLConnectionOperation.h */,
				184CC1361C4F6AAF0018A504 /* AFURLConnectionOperation.m */,
				184CC1371C4F6AAF0018A504 /* AFURLRequestSerialization.h */,
				184CC1381C4F6AAF0018A504 /* AFURLRequestSerialization.m */,
				184CC1391C4F6AAF0018A504 /* AFURLResponseSerialization.h */,
				184CC13A1C4F6AAF0018A504 /* AFURLResponseSerialization.m */,
				184CC13B1C4F6AAF0018A504 /* AFURLSessionManager.h */,
				184CC13C1C4F6AAF0018A504 /* AFURLSessionManager.m */,
			);
			path = AFNetworking;
			sourceTree = "<group>";
		};
/* End PBXGroup section */

/* Begin PBXNativeTarget section */
		184CC0E21C4F61FC0018A504 /* AfnHttpsSSLDemo */ = {
			isa = PBXNativeTarget;
			buildConfigurationList = 184CC0FA1C4F61FC0018A504 /* Build configuration list for PBXNativeTarget "AfnHttpsSSLDemo" */;
			buildPhases = (
				184CC0DF1C4F61FC0018A504 /* Sources */,
				184CC0E01C4F61FC0018A504 /* Frameworks */,
				184CC0E11C4F61FC0018A504 /* Resources */,
			);
			buildRules = (
			);
			dependencies = (
			);
			name = AfnHttpsSSLDemo;
			productName = AfnHttpsSSLDemo;
			productReference = 184CC0E31C4F61FC0018A504 /* AfnHttpsSSLDemo.app */;
			productType = "com.apple.product-type.application";
		};
/* End PBXNativeTarget section */

/* Begin PBXProject section */
		184CC0DB1C4F61FC0018A504 /* Project object */ = {
			isa = PBXProject;
			attributes = {
				LastUpgradeCheck = 0710;
				ORGANIZATIONNAME = Apple;
				TargetAttributes = {
					184CC0E21C4F61FC0018A504 = {
						CreatedOnToolsVersion = 7.1;
					};
				};
			};
			buildConfigurationList = 184CC0DE1C4F61FC0018A504 /* Build configuration list for PBXProject "AfnHttpsSSLDemo" */;
			compatibilityVersion = "Xcode 3.2";
			developmentRegion = English;
			hasScannedForEncodings = 0;
			knownRegions = (
				en,
				Base,
			);
			mainGroup = 184CC0DA1C4F61FC0018A504;
			productRefGroup = 184CC0E41C4F61FC0018A504 /* Products */;
			projectDirPath = "";
			projectRoot = "";
			targets = (
				184CC0E21C4F61FC0018A504 /* AfnHttpsSSLDemo */,
			);
		};
/* End PBXProject section */

/* Begin PBXResourcesBuildPhase section */
		184CC0E11C4F61FC0018A504 /* Resources */ = {
			isa = PBXResourcesBuildPhase;
			buildActionMask = 2147483647;
			files = (
				184CC0F61C4F61FC0018A504 /* LaunchScreen.storyboard in Resources */,
				184CC14D1C4F99160018A504 /* adn.cer in Resources */,
				184CC0F31C4F61FC0018A504 /* Assets.xcassets in Resources */,
				184CC0F11C4F61FC0018A504 /* Main.storyboard in Resources */,
			);
			runOnlyForDeploymentPostprocessing = 0;
		};
/* End PBXResourcesBuildPhase section */

/* Begin PBXSourcesBuildPhase section */
		184CC0DF1C4F61FC0018A504 /* Sources */ = {
			isa = PBXSourcesBuildPhase;
			buildActionMask = 2147483647;
			files = (
				184CC0EE1C4F61FC0018A504 /* ViewController.m in Sources */,
				184CC1411C4F6AAF0018A504 /* AFSecurityPolicy.m in Sources */,
				184CC0EB1C4F61FC0018A504 /* AppDelegate.m in Sources */,
				184CC13E1C4F6AAF0018A504 /* AFHTTPRequestOperationManager.m in Sources */,
				184CC1421C4F6AAF0018A504 /* AFURLConnectionOperation.m in Sources */,
				184CC13D1C4F6AAF0018A504 /* AFHTTPRequestOperation.m in Sources */,
				184CC1281C4F67FD0018A504 /* HttpRequest.m in Sources */,
				184CC1431C4F6AAF0018A504 /* AFURLRequestSerialization.m in Sources */,
				184CC13F1C4F6AAF0018A504 /* AFHTTPSessionManager.m in Sources */,
				184CC1401C4F6AAF0018A504 /* AFNetworkReachabilityManager.m in Sources */,
				184CC1441C4F6AAF0018A504 /* AFURLResponseSerialization.m in Sources */,
				184CC1451C4F6AAF0018A504 /* AFURLSessionManager.m in Sources */,
				184CC0E81C4F61FC0018A504 /* main.m in Sources */,
			);
			runOnlyForDeploymentPostprocessing = 0;
		};
/* End PBXSourcesBuildPhase section */

/* Begin PBXVariantGroup section */
		184CC0EF1C4F61FC0018A504 /* Main.storyboard */ = {
			isa = PBXVariantGroup;
			children = (
				184CC0F01C4F61FC0018A504 /* Base */,
			);
			name = Main.storyboard;
			sourceTree = "<group>";
		};
		184CC0F41C4F61FC0018A504 /* LaunchScreen.storyboard */ = {
			isa = PBXVariantGroup;
			children = (
				184CC0F51C4F61FC0018A504 /* Base */,
			);
			name = LaunchScreen.storyboard;
			sourceTree = "<group>";
		};
/* End PBXVariantGroup section */

/* Begin XCBuildConfiguration section */
		184CC0F81C4F61FC0018A504 /* Debug */ = {
			isa = XCBuildConfiguration;
			buildSettings = {
				ALWAYS_SEARCH_USER_PATHS = NO;
				CLANG_CXX_LANGUAGE_STANDARD = "gnu++0x";
				CLANG_CXX_LIBRARY = "libc++";
				CLANG_ENABLE_MODULES = YES;
				CLANG_ENABLE_OBJC_ARC = YES;
				CLANG_WARN_BOOL_CONVERSION = YES;
				CLANG_WARN_CONSTANT_CONVERSION = YES;
				CLANG_WARN_DIRECT_OBJC_ISA_USAGE = YES_ERROR;
				CLANG_WARN_EMPTY_BODY = YES;
				CLANG_WARN_ENUM_CONVERSION = YES;
				CLANG_WARN_INT_CONVERSION = YES;
				CLANG_WARN_OBJC_ROOT_CLASS = YES_ERROR;
				CLANG_WARN_UNREACHABLE_CODE = YES;
				CLANG_WARN__DUPLICATE_METHOD_MATCH = YES;
				"CODE_SIGN_IDENTITY[sdk=iphoneos*]" = "iPhone Developer";
				COPY_PHASE_STRIP = NO;
				DEBUG_INFORMATION_FORMAT = dwarf;
				ENABLE_STRICT_OBJC_MSGSEND = YES;
				ENABLE_TESTABILITY = YES;
				GCC_C_LANGUAGE_STANDARD = gnu99;
				GCC_DYNAMIC_NO_PIC = NO;
				GCC_NO_COMMON_BLOCKS = YES;
				GCC_OPTIMIZATION_LEVEL = 0;
				GCC_PREPROCESSOR_DEFINITIONS = (
					"DEBUG=1",
					"$(inherited)",
				);
				GCC_WARN_64_TO_32_BIT_CONVERSION = YES;
				GCC_WARN_ABOUT_RETURN_TYPE = YES_ERROR;
				GCC_WARN_UNDECLARED_SELECTOR = YES;
				GCC_WARN_UNINITIALIZED_AUTOS = YES_AGGRESSIVE;
				GCC_WARN_UNUSED_FUNCTION = YES;
				GCC_WARN_UNUSED_VARIABLE = YES;
				IPHONEOS_DEPLOYMENT_TARGET = 9.1;
				MTL_ENABLE_DEBUG_INFO = YES;
				ONLY_ACTIVE_ARCH = YES;
				SDKROOT = iphoneos;
			};
			name = Debug;
		};
		184CC0F91C4F61FC0018A504 /* Release */ = {
			isa = XCBuildConfiguration;
			buildSettings = {
				ALWAYS_SEARCH_USER_PATHS = NO;
				CLANG_CXX_LANGUAGE_STANDARD = "gnu++0x";
				CLANG_CXX_LIBRARY = "libc++";
				CLANG_ENABLE_MODULES = YES;
				CLANG_ENABLE_OBJC_ARC = YES;
				CLANG_WARN_BOOL_CONVERSION = YES;
				CLANG_WARN_CONSTANT_CONVERSION = YES;
				CLANG_WARN_DIRECT_OBJC_ISA_USAGE = YES_ERROR;
				CLANG_WARN_EMPTY_BODY = YES;
				CLANG_WARN_ENUM_CONVERSION = YES;
				CLANG_WARN_INT_CONVERSION = YES;
				CLANG_WARN_OBJC_ROOT_CLASS = YES_ERROR;
				CLANG_WARN_UNREACHABLE_CODE = YES;
				CLANG_WARN__DUPLICATE_METHOD_MATCH = YES;
				"CODE_SIGN_IDENTITY[sdk=iphoneos*]" = "iPhone Developer";
				COPY_PHASE_STRIP = NO;
				DEBUG_INFORMATION_FORMAT = "dwarf-with-dsym";
				ENABLE_NS_ASSERTIONS = NO;
				ENABLE_STRICT_OBJC_MSGSEND = YES;
				GCC_C_LANGUAGE_STANDARD = gnu99;
				GCC_NO_COMMON_BLOCKS = YES;
				GCC_WARN_64_TO_32_BIT_CONVERSION = YES;
				GCC_WARN_ABOUT_RETURN_TYPE = YES_ERROR;
				GCC_WARN_UNDECLARED_SELECTOR = YES;
				GCC_WARN_UNINITIALIZED_AUTOS = YES_AGGRESSIVE;
				GCC_WARN_UNUSED_FUNCTION = YES;
				GCC_WARN_UNUSED_VARIABLE = YES;
				IPHONEOS_DEPLOYMENT_TARGET = 9.1;
				MTL_ENABLE_DEBUG_INFO = NO;
				SDKROOT = iphoneos;
				VALIDATE_PRODUCT = YES;
			};
			name = Release;
		};
		184CC0FB1C4F61FC0018A504 /* Debug */ = {
			isa = XCBuildConfiguration;
			buildSettings = {
				ASSETCATALOG_COMPILER_APPICON_NAME = AppIcon;
				INFOPLIST_FILE = AfnHttpsSSLDemo/Info.plist;
				IPHONEOS_DEPLOYMENT_TARGET = 7.1;
				LD_RUNPATH_SEARCH_PATHS = "$(inherited) @executable_path/Frameworks";
				PRODUCT_BUNDLE_IDENTIFIER = com.jiangys.AfnHttpsSSLDemo;
				PRODUCT_NAME = "$(TARGET_NAME)";
			};
			name = Debug;
		};
		184CC0FC1C4F61FC0018A504 /* Release */ = {
			isa = XCBuildConfiguration;
			buildSettings = {
				ASSETCATALOG_COMPILER_APPICON_NAME = AppIcon;
				INFOPLIST_FILE = AfnHttpsSSLDemo/Info.plist;
				IPHONEOS_DEPLOYMENT_TARGET = 7.1;
				LD_RUNPATH_SEARCH_PATHS = "$(inherited) @executable_path/Frameworks";
				PRODUCT_BUNDLE_IDENTIFIER = com.jiangys.AfnHttpsSSLDemo;
				PRODUCT_NAME = "$(TARGET_NAME)";
			};
			name = Release;
		};
/* End XCBuildConfiguration section */

/* Begin XCConfigurationList section */
		184CC0DE1C4F61FC0018A504 /* Build configuration list for PBXProject "AfnHttpsSSLDemo" */ = {
			isa = XCConfigurationList;
			buildConfigurations = (
				184CC0F81C4F61FC0018A504 /* Debug */,
				184CC0F91C4F61FC0018A504 /* Release */,
			);
			defaultConfigurationIsVisible = 0;
			defaultConfigurationName = Release;
		};
		184CC0FA1C4F61FC0018A504 /* Build configuration list for PBXNativeTarget "AfnHttpsSSLDemo" */ = {
			isa = XCConfigurationList;
			buildConfigurations = (
				184CC0FB1C4F61FC0018A504 /* Debug */,
				184CC0FC1C4F61FC0018A504 /* Release */,
			);
			defaultConfigurationIsVisible = 0;
			defaultConfigurationName = Release;
		};
/* End XCConfigurationList section */
	};
	rootObject = 184CC0DB1C4F61FC0018A504 /* Project object */;
}
